
Microsoft Visual Studio Solution File, Format Version 12.00
# Visual Studio Version 17
VisualStudioVersion = 17.9.34728.123
MinimumVisualStudioVersion = 10.0.40219.1
Project("{FAE04EC0-301F-11D3-BF4B-00C04F79EFBC}") = "ExamManagement", "ExamManagement\ExamManagement.csproj", "{2F629808-2F64-430D-BC5C-E21C79E0A87A}"
EndProject
Global
	GlobalSection(SolutionConfigurationPlatforms) = preSolution
		Debug|Any CPU = Debug|Any CPU
		Release|Any CPU = Release|Any CPU
	EndGlobalSection
	GlobalSection(ProjectConfigurationPlatforms) = postSolution
		{2F629808-2F64-430D-BC5C-E21C79E0A87A}.Debug|Any CPU.ActiveCfg = Debug|Any CPU
		{2F629808-2F64-430D-BC5C-E21C79E0A87A}.Debug|Any CPU.Build.0 = Debug|Any CPU
		{2F629808-2F64-430D-BC5C-E21C79E0A87A}.Release|Any CPU.ActiveCfg = Release|Any CPU
		{2F629808-2F64-430D-BC5C-E21C79E0A87A}.Release|Any CPU.Build.0 = Release|Any CPU
	EndGlobalSection
	GlobalSection(SolutionProperties) = preSolution
		HideSolutionNode = FALSE
	EndGlobalSection
	GlobalSection(ExtensibilityGlobals) = postSolution
		SolutionGuid = {8B47E379-28FD-4B05-8B5E-4496308AA878}
	EndGlobalSection
EndGlobal
